
Microsoft Visual Studio Solution File, Format Version 12.00
# Visual Studio Version 17
VisualStudioVersion = 17.9.34902.65
MinimumVisualStudioVersion = 10.0.40219.1
Project("{FAE04EC0-301F-11D3-BF4B-00C04F79EFBC}") = "ApiStudy", "ApiStudy.csproj", "{521F2ADD-E999-4A67-9665-EDF8D3EE30C8}"
EndProject
Global
	GlobalSection(SolutionConfigurationPlatforms) = preSolution
		Debug|Any CPU = Debug|Any CPU
		Release|Any CPU = Release|Any CPU
	EndGlobalSection
	GlobalSection(ProjectConfigurationPlatforms) = postSolution
		{521F2ADD-E999-4A67-9665-EDF8D3EE30C8}.Debug|Any CPU.ActiveCfg = Debug|Any CPU
		{521F2ADD-E999-4A67-9665-EDF8D3EE30C8}.Debug|Any CPU.Build.0 = Debug|Any CPU
		{521F2ADD-E999-4A67-9665-EDF8D3EE30C8}.Release|Any CPU.ActiveCfg = Release|Any CPU
		{521F2ADD-E999-4A67-9665-EDF8D3EE30C8}.Release|Any CPU.Build.0 = Release|Any CPU
	EndGlobalSection
	GlobalSection(SolutionProperties) = preSolution
		HideSolutionNode = FALSE
	EndGlobalSection
	GlobalSection(ExtensibilityGlobals) = postSolution
		SolutionGuid = {CFE4A291-20B8-4182-B3F5-CF014736200F}
	EndGlobalSection
EndGlobal
